
Microsoft Visual Studio Solution File, Format Version 12.00
# Visual Studio Version 17
VisualStudioVersion = 17.0.32014.148
MinimumVisualStudioVersion = 10.0.40219.1
Project("{FAE04EC0-301F-11D3-BF4B-00C04F79EFBC}") = "Cars", "Cars\Cars.csproj", "{3E5B6AFF-39A5-457D-A25F-3AFDE4108EDB}"
EndProject
Global
	GlobalSection(SolutionConfigurationPlatforms) = preSolution
		Debug|Any CPU = Debug|Any CPU
		Release|Any CPU = Release|Any CPU
	EndGlobalSection
	GlobalSection(ProjectConfigurationPlatforms) = postSolution
		{3E5B6AFF-39A5-457D-A25F-3AFDE4108EDB}.Debug|Any CPU.ActiveCfg = Debug|Any CPU
		{3E5B6AFF-39A5-457D-A25F-3AFDE4108EDB}.Debug|Any CPU.Build.0 = Debug|Any CPU
		{3E5B6AFF-39A5-457D-A25F-3AFDE4108EDB}.Release|Any CPU.ActiveCfg = Release|Any CPU
		{3E5B6AFF-39A5-457D-A25F-3AFDE4108EDB}.Release|Any CPU.Build.0 = Release|Any CPU
	EndGlobalSection
	GlobalSection(SolutionProperties) = preSolution
		HideSolutionNode = FALSE
	EndGlobalSection
	GlobalSection(ExtensibilityGlobals) = postSolution
		SolutionGuid = {7DFDED0E-3463-4162-9BE7-53F6464C5744}
	EndGlobalSection
EndGlobal
